
Microsoft Visual Studio Solution File, Format Version 12.00
# Visual Studio Version 17
VisualStudioVersion = 17.1.32210.238
MinimumVisualStudioVersion = 10.0.40219.1
Project("{888888A0-9F3D-457C-B088-3A5042F75D52}") = "AlgorithmPracticePython", "AlgorithmPracticePython.pyproj", "{E09139D4-84D5-4B18-903B-6183AA983A90}"
EndProject
Global
	GlobalSection(SolutionConfigurationPlatforms) = preSolution
		Debug|Any CPU = Debug|Any CPU
		Release|Any CPU = Release|Any CPU
	EndGlobalSection
	GlobalSection(ProjectConfigurationPlatforms) = postSolution
		{E09139D4-84D5-4B18-903B-6183AA983A90}.Debug|Any CPU.ActiveCfg = Debug|Any CPU
		{E09139D4-84D5-4B18-903B-6183AA983A90}.Release|Any CPU.ActiveCfg = Release|Any CPU
	EndGlobalSection
	GlobalSection(SolutionProperties) = preSolution
		HideSolutionNode = FALSE
	EndGlobalSection
	GlobalSection(ExtensibilityGlobals) = postSolution
		SolutionGuid = {B1C90E72-6E5E-43D2-A398-5FA689A3F06B}
	EndGlobalSection
EndGlobal
